{
  "version": 4,
  "terraform_version": "0.13.2",
  "serial": 14,
  "lineage": "7cf8fa1d-1394-29fd-7e43-6a65523251af",
  "outputs": {},
  "resources": [
    {
      "mode": "managed",
      "type": "aws_cloudwatch_log_group",
      "name": "loggroup",
      "provider": "provider[\"registry.terraform.io/hashicorp/aws\"]",
      "instances": [
        {
          "schema_version": 0,
          "attributes": {
            "arn": "arn:aws:logs:us-west-2:084953098776:log-group:/aws/lambda/hello_world:*",
            "id": "/aws/lambda/hello_world",
            "kms_key_id": "",
            "name": "/aws/lambda/hello_world",
            "name_prefix": null,
            "retention_in_days": 14,
            "tags": {}
          },
          "private": "bnVsbA=="
        }
      ]
    },
    {
      "mode": "managed",
      "type": "aws_ecs_cluster",
      "name": "ecs",
      "provider": "provider[\"registry.terraform.io/hashicorp/aws\"]",
      "instances": [
        {
          "schema_version": 0,
          "attributes": {
            "arn": "arn:aws:ecs:us-west-2:084953098776:cluster/ecs-test",
            "capacity_providers": [],
            "default_capacity_provider_strategy": [],
            "id": "arn:aws:ecs:us-west-2:084953098776:cluster/ecs-test",
            "name": "ecs-test",
            "setting": [
              {
                "name": "containerInsights",
                "value": "disabled"
              }
            ],
            "tags": {}
          },
          "private": "bnVsbA=="
        }
      ]
    },
    {
      "module": "module.ecs-fargate-task-definition",
      "mode": "managed",
      "type": "aws_ecs_task_definition",
      "name": "td",
      "provider": "provider[\"registry.terraform.io/hashicorp/aws\"]",
      "instances": [
        {
          "schema_version": 1,
          "attributes": {
            "arn": "arn:aws:ecs:us-west-2:084953098776:task-definition/hello-td:2",
            "container_definitions": "[{\"cpu\":1024,\"environment\":[],\"essential\":true,\"image\":\"084953098776.dkr.ecr.us-west-2.amazonaws.com/hello-world\",\"logConfiguration\":{\"logDriver\":\"awslogs\",\"options\":{\"awslogs-group\":\"/aws/lambda/hello_world\",\"awslogs-region\":\"us-west-2\",\"awslogs-stream-prefix\":\"hello\"},\"secretOptions\":[]},\"memory\":2048,\"memoryReservation\":512,\"mountPoints\":[],\"name\":\"hello_world\",\"portMappings\":[{\"containerPort\":80,\"hostPort\":80,\"protocol\":\"tcp\"}],\"readonlyRootFilesystem\":false,\"startTimeout\":30,\"stopTimeout\":30,\"volumesFrom\":[]}]",
            "cpu": "1024",
            "execution_role_arn": "arn:aws:iam::084953098776:role/hello-ecs-task-execution-role",
            "family": "hello-td",
            "id": "hello-td",
            "inference_accelerator": [],
            "ipc_mode": "",
            "memory": "2048",
            "network_mode": "awsvpc",
            "pid_mode": "",
            "placement_constraints": [],
            "proxy_configuration": [],
            "requires_compatibilities": [
              "FARGATE"
            ],
            "revision": 2,
            "tags": null,
            "task_role_arn": "arn:aws:iam::084953098776:role/hello-ecs-task-execution-role",
            "volume": []
          },
          "private": "eyJzY2hlbWFfdmVyc2lvbiI6IjEifQ==",
          "dependencies": [
            "module.ecs-fargate-task-definition.aws_iam_role.ecs_task_execution_role"
          ]
        }
      ]
    },
    {
      "module": "module.ecs-fargate-task-definition",
      "mode": "managed",
      "type": "aws_iam_role",
      "name": "ecs_task_execution_role",
      "provider": "provider[\"registry.terraform.io/hashicorp/aws\"]",
      "instances": [
        {
          "schema_version": 0,
          "attributes": {
            "arn": "arn:aws:iam::084953098776:role/hello-ecs-task-execution-role",
            "assume_role_policy": "{\"Version\":\"2012-10-17\",\"Statement\":[{\"Sid\":\"\",\"Effect\":\"Allow\",\"Principal\":{\"Service\":\"ecs-tasks.amazonaws.com\"},\"Action\":\"sts:AssumeRole\"}]}",
            "create_date": "2020-10-23T01:46:10Z",
            "description": "",
            "force_detach_policies": false,
            "id": "hello-ecs-task-execution-role",
            "max_session_duration": 3600,
            "name": "hello-ecs-task-execution-role",
            "name_prefix": null,
            "path": "/",
            "permissions_boundary": null,
            "tags": {},
            "unique_id": "AROARHR4ZNIMEODO57N6W"
          },
          "private": "bnVsbA=="
        }
      ]
    },
    {
      "module": "module.ecs-fargate-task-definition",
      "mode": "managed",
      "type": "aws_iam_role_policy_attachment",
      "name": "ecs_task_execution_role_policy_attach",
      "provider": "provider[\"registry.terraform.io/hashicorp/aws\"]",
      "instances": [
        {
          "schema_version": 0,
          "attributes": {
            "id": "hello-ecs-task-execution-role-20201023014611597900000001",
            "policy_arn": "arn:aws:iam::aws:policy/service-role/AmazonECSTaskExecutionRolePolicy",
            "role": "hello-ecs-task-execution-role"
          },
          "private": "bnVsbA==",
          "dependencies": [
            "module.ecs-fargate-task-definition.aws_iam_role.ecs_task_execution_role"
          ]
        }
      ]
    }
  ]
}
